
Microsoft Visual Studio Solution File, Format Version 12.00
# Visual Studio 14
VisualStudioVersion = 14.0.25420.1
MinimumVisualStudioVersion = 10.0.40219.1
Project("{FAE04EC0-301F-11D3-BF4B-00C04F79EFBC}") = "project2", "project2\project2.csproj", "{38BB22D9-839F-4A7F-BC05-173B5701AFDC}"
EndProject
Global
	GlobalSection(SolutionConfigurationPlatforms) = preSolution
		Debug|Any CPU = Debug|Any CPU
		Release|Any CPU = Release|Any CPU
	EndGlobalSection
	GlobalSection(ProjectConfigurationPlatforms) = postSolution
		{38BB22D9-839F-4A7F-BC05-173B5701AFDC}.Debug|Any CPU.ActiveCfg = Debug|Any CPU
		{38BB22D9-839F-4A7F-BC05-173B5701AFDC}.Debug|Any CPU.Build.0 = Debug|Any CPU
		{38BB22D9-839F-4A7F-BC05-173B5701AFDC}.Release|Any CPU.ActiveCfg = Release|Any CPU
		{38BB22D9-839F-4A7F-BC05-173B5701AFDC}.Release|Any CPU.Build.0 = Release|Any CPU
	EndGlobalSection
	GlobalSection(SolutionProperties) = preSolution
		HideSolutionNode = FALSE
	EndGlobalSection
EndGlobal
